// !$*UTF8*$!
{
	archiveVersion = 1;
	classes = {
	};
	objectVersion = 56;
	objects = {

/* Begin PBXBuildFile section */
		0931C5B42AE5E39E008C2B20 /* LocationsListView.swift in Sources */ = {isa = PBXBuildFile; fileRef = 0931C5B32AE5E39E008C2B20 /* LocationsListView.swift */; };
		0931C5B62AE70780008C2B20 /* LocationPreviewView.swift in Sources */ = {isa = PBXBuildFile; fileRef = 0931C5B52AE70780008C2B20 /* LocationPreviewView.swift */; };
		0931C5B82AE71702008C2B20 /* LocationMapPinView.swift in Sources */ = {isa = PBXBuildFile; fileRef = 0931C5B72AE71702008C2B20 /* LocationMapPinView.swift */; };
		0931C5BA2AE801A7008C2B20 /* LocationDetailsView.swift in Sources */ = {isa = PBXBuildFile; fileRef = 0931C5B92AE801A7008C2B20 /* LocationDetailsView.swift */; };
		09EBACC42AE567EE00BB48C3 /* MapApp.swift in Sources */ = {isa = PBXBuildFile; fileRef = 09EBACC32AE567EE00BB48C3 /* MapApp.swift */; };
		09EBACCB2AE567F000BB48C3 /* Preview Assets.xcassets in Resources */ = {isa = PBXBuildFile; fileRef = 09EBACCA2AE567F000BB48C3 /* Preview Assets.xcassets */; };
		09EBACD32AE56D9D00BB48C3 /* Launch Screen.storyboard in Resources */ = {isa = PBXBuildFile; fileRef = 09EBACD22AE56D9D00BB48C3 /* Launch Screen.storyboard */; };
		09EBACD52AE5726500BB48C3 /* Assets.xcassets in Resources */ = {isa = PBXBuildFile; fileRef = 09EBACD42AE5726500BB48C3 /* Assets.xcassets */; };
		09EBACDA2AE576E500BB48C3 /* LocationModel.swift in Sources */ = {isa = PBXBuildFile; fileRef = 09EBACD92AE576E500BB48C3 /* LocationModel.swift */; };
		09EBACDC2AE5775200BB48C3 /* LocationsDataService.swift in Sources */ = {isa = PBXBuildFile; fileRef = 09EBACDB2AE5775200BB48C3 /* LocationsDataService.swift */; };
		09EBACDF2AE57AC300BB48C3 /* LocationsView.swift in Sources */ = {isa = PBXBuildFile; fileRef = 09EBACDE2AE57AC300BB48C3 /* LocationsView.swift */; };
		09EBACE12AE57D1400BB48C3 /* LocationsViewModel.swift in Sources */ = {isa = PBXBuildFile; fileRef = 09EBACE02AE57D1400BB48C3 /* LocationsViewModel.swift */; };
/* End PBXBuildFile section */

/* Begin PBXFileReference section */
		0931C5B32AE5E39E008C2B20 /* LocationsListView.swift */ = {isa = PBXFileReference; lastKnownFileType = sourcecode.swift; path = LocationsListView.swift; sourceTree = "<group>"; };
		0931C5B52AE70780008C2B20 /* LocationPreviewView.swift */ = {isa = PBXFileReference; lastKnownFileType = sourcecode.swift; path = LocationPreviewView.swift; sourceTree = "<group>"; };
		0931C5B72AE71702008C2B20 /* LocationMapPinView.swift */ = {isa = PBXFileReference; lastKnownFileType = sourcecode.swift; path = LocationMapPinView.swift; sourceTree = "<group>"; };
		0931C5B92AE801A7008C2B20 /* LocationDetailsView.swift */ = {isa = PBXFileReference; lastKnownFileType = sourcecode.swift; path = LocationDetailsView.swift; sourceTree = "<group>"; };
		09EBACC02AE567EE00BB48C3 /* MapApp.app */ = {isa = PBXFileReference; explicitFileType = wrapper.application; includeInIndex = 0; path = MapApp.app; sourceTree = BUILT_PRODUCTS_DIR; };
		09EBACC32AE567EE00BB48C3 /* MapApp.swift */ = {isa = PBXFileReference; lastKnownFileType = sourcecode.swift; path = MapApp.swift; sourceTree = "<group>"; };
		09EBACCA2AE567F000BB48C3 /* Preview Assets.xcassets */ = {isa = PBXFileReference; lastKnownFileType = folder.assetcatalog; path = "Preview Assets.xcassets"; sourceTree = "<group>"; };
		09EBACD22AE56D9D00BB48C3 /* Launch Screen.storyboard */ = {isa = PBXFileReference; lastKnownFileType = file.storyboard; path = "Launch Screen.storyboard"; sourceTree = "<group>"; };
		09EBACD42AE5726500BB48C3 /* Assets.xcassets */ = {isa = PBXFileReference; lastKnownFileType = folder.assetcatalog; name = Assets.xcassets; path = "../../../../Downloads/b6dc374-3b0b-6bdc-3b7f-f7ce4c005a_SwiftfulMapApp-Downloads/Assets.xcassets"; sourceTree = "<group>"; };
		09EBACD92AE576E500BB48C3 /* LocationModel.swift */ = {isa = PBXFileReference; lastKnownFileType = sourcecode.swift; path = LocationModel.swift; sourceTree = "<group>"; };
		09EBACDB2AE5775200BB48C3 /* LocationsDataService.swift */ = {isa = PBXFileReference; fileEncoding = 4; lastKnownFileType = sourcecode.swift; path = LocationsDataService.swift; sourceTree = "<group>"; };
		09EBACDE2AE57AC300BB48C3 /* LocationsView.swift */ = {isa = PBXFileReference; lastKnownFileType = sourcecode.swift; path = LocationsView.swift; sourceTree = "<group>"; };
		09EBACE02AE57D1400BB48C3 /* LocationsViewModel.swift */ = {isa = PBXFileReference; lastKnownFileType = sourcecode.swift; path = LocationsViewModel.swift; sourceTree = "<group>"; };
/* End PBXFileReference section */

/* Begin PBXFrameworksBuildPhase section */
		09EBACBD2AE567EE00BB48C3 /* Frameworks */ = {
			isa = PBXFrameworksBuildPhase;
			buildActionMask = 2147483647;
			files = (
			);
			runOnlyForDeploymentPostprocessing = 0;
		};
/* End PBXFrameworksBuildPhase section */

/* Begin PBXGroup section */
		09EBACB72AE567EE00BB48C3 = {
			isa = PBXGroup;
			children = (
				09EBACC22AE567EE00BB48C3 /* MapApp */,
				09EBACC12AE567EE00BB48C3 /* Products */,
			);
			sourceTree = "<group>";
		};
		09EBACC12AE567EE00BB48C3 /* Products */ = {
			isa = PBXGroup;
			children = (
				09EBACC02AE567EE00BB48C3 /* MapApp.app */,
			);
			name = Products;
			sourceTree = "<group>";
		};
		09EBACC22AE567EE00BB48C3 /* MapApp */ = {
			isa = PBXGroup;
			children = (
				09EBACC32AE567EE00BB48C3 /* MapApp.swift */,
				09EBACDD2AE5782B00BB48C3 /* DataService */,
				09EBACD82AE573D300BB48C3 /* Models */,
				09EBACD72AE573CA00BB48C3 /* Views */,
				09EBACD62AE573B900BB48C3 /* ViewModels */,
				09EBACD12AE56D8800BB48C3 /* Assets */,
				09EBACC92AE567F000BB48C3 /* Preview Content */,
			);
			path = MapApp;
			sourceTree = "<group>";
		};
		09EBACC92AE567F000BB48C3 /* Preview Content */ = {
			isa = PBXGroup;
			children = (
				09EBACCA2AE567F000BB48C3 /* Preview Assets.xcassets */,
			);
			path = "Preview Content";
			sourceTree = "<group>";
		};
		09EBACD12AE56D8800BB48C3 /* Assets */ = {
			isa = PBXGroup;
			children = (
				09EBACD42AE5726500BB48C3 /* Assets.xcassets */,
				09EBACD22AE56D9D00BB48C3 /* Launch Screen.storyboard */,
			);
			path = Assets;
			sourceTree = "<group>";
		};
		09EBACD62AE573B900BB48C3 /* ViewModels */ = {
			isa = PBXGroup;
			children = (
				09EBACE02AE57D1400BB48C3 /* LocationsViewModel.swift */,
			);
			path = ViewModels;
			sourceTree = "<group>";
		};
		09EBACD72AE573CA00BB48C3 /* Views */ = {
			isa = PBXGroup;
			children = (
				09EBACDE2AE57AC300BB48C3 /* LocationsView.swift */,
				0931C5B32AE5E39E008C2B20 /* LocationsListView.swift */,
				0931C5B52AE70780008C2B20 /* LocationPreviewView.swift */,
				0931C5B72AE71702008C2B20 /* LocationMapPinView.swift */,
				0931C5B92AE801A7008C2B20 /* LocationDetailsView.swift */,
			);
			path = Views;
			sourceTree = "<group>";
		};
		09EBACD82AE573D300BB48C3 /* Models */ = {
			isa = PBXGroup;
			children = (
				09EBACD92AE576E500BB48C3 /* LocationModel.swift */,
			);
			path = Models;
			sourceTree = "<group>";
		};
		09EBACDD2AE5782B00BB48C3 /* DataService */ = {
			isa = PBXGroup;
			children = (
				09EBACDB2AE5775200BB48C3 /* LocationsDataService.swift */,
			);
			path = DataService;
			sourceTree = "<group>";
		};
/* End PBXGroup section */

/* Begin PBXNativeTarget section */
		09EBACBF2AE567EE00BB48C3 /* MapApp */ = {
			isa = PBXNativeTarget;
			buildConfigurationList = 09EBACCE2AE567F000BB48C3 /* Build configuration list for PBXNativeTarget "MapApp" */;
			buildPhases = (
				09EBACBC2AE567EE00BB48C3 /* Sources */,
				09EBACBD2AE567EE00BB48C3 /* Frameworks */,
				09EBACBE2AE567EE00BB48C3 /* Resources */,
			);
			buildRules = (
			);
			dependencies = (
			);
			name = MapApp;
			productName = MapApp;
			productReference = 09EBACC02AE567EE00BB48C3 /* MapApp.app */;
			productType = "com.apple.product-type.application";
		};
/* End PBXNativeTarget section */

/* Begin PBXProject section */
		09EBACB82AE567EE00BB48C3 /* Project object */ = {
			isa = PBXProject;
			attributes = {
				BuildIndependentTargetsInParallel = 1;
				LastSwiftUpdateCheck = 1500;
				LastUpgradeCheck = 1500;
				TargetAttributes = {
					09EBACBF2AE567EE00BB48C3 = {
						CreatedOnToolsVersion = 15.0;
					};
				};
			};
			buildConfigurationList = 09EBACBB2AE567EE00BB48C3 /* Build configuration list for PBXProject "MapApp" */;
			compatibilityVersion = "Xcode 14.0";
			developmentRegion = en;
			hasScannedForEncodings = 0;
			knownRegions = (
				en,
				Base,
			);
			mainGroup = 09EBACB72AE567EE00BB48C3;
			productRefGroup = 09EBACC12AE567EE00BB48C3 /* Products */;
			projectDirPath = "";
			projectRoot = "";
			targets = (
				09EBACBF2AE567EE00BB48C3 /* MapApp */,
			);
		};
/* End PBXProject section */

/* Begin PBXResourcesBuildPhase section */
		09EBACBE2AE567EE00BB48C3 /* Resources */ = {
			isa = PBXResourcesBuildPhase;
			buildActionMask = 2147483647;
			files = (
				09EBACD32AE56D9D00BB48C3 /* Launch Screen.storyboard in Resources */,
				09EBACD52AE5726500BB48C3 /* Assets.xcassets in Resources */,
				09EBACCB2AE567F000BB48C3 /* Preview Assets.xcassets in Resources */,
			);
			runOnlyForDeploymentPostprocessing = 0;
		};
/* End PBXResourcesBuildPhase section */

/* Begin PBXSourcesBuildPhase section */
		09EBACBC2AE567EE00BB48C3 /* Sources */ = {
			isa = PBXSourcesBuildPhase;
			buildActionMask = 2147483647;
			files = (
				09EBACDC2AE5775200BB48C3 /* LocationsDataService.swift in Sources */,
				09EBACDF2AE57AC300BB48C3 /* LocationsView.swift in Sources */,
				09EBACDA2AE576E500BB48C3 /* LocationModel.swift in Sources */,
				0931C5B42AE5E39E008C2B20 /* LocationsListView.swift in Sources */,
				0931C5BA2AE801A7008C2B20 /* LocationDetailsView.swift in Sources */,
				0931C5B82AE71702008C2B20 /* LocationMapPinView.swift in Sources */,
				0931C5B62AE70780008C2B20 /* LocationPreviewView.swift in Sources */,
				09EBACE12AE57D1400BB48C3 /* LocationsViewModel.swift in Sources */,
				09EBACC42AE567EE00BB48C3 /* MapApp.swift in Sources */,
			);
			runOnlyForDeploymentPostprocessing = 0;
		};
/* End PBXSourcesBuildPhase section */

/* Begin XCBuildConfiguration section */
		09EBACCC2AE567F000BB48C3 /* Debug */ = {
			isa = XCBuildConfiguration;
			buildSettings = {
				ALWAYS_SEARCH_USER_PATHS = NO;
				ASSETCATALOG_COMPILER_GENERATE_SWIFT_ASSET_SYMBOL_EXTENSIONS = YES;
				CLANG_ANALYZER_NONNULL = YES;
				CLANG_ANALYZER_NUMBER_OBJECT_CONVERSION = YES_AGGRESSIVE;
				CLANG_CXX_LANGUAGE_STANDARD = "gnu++20";
				CLANG_ENABLE_MODULES = YES;
				CLANG_ENABLE_OBJC_ARC = YES;
				CLANG_ENABLE_OBJC_WEAK = YES;
				CLANG_WARN_BLOCK_CAPTURE_AUTORELEASING = YES;
				CLANG_WARN_BOOL_CONVERSION = YES;
				CLANG_WARN_COMMA = YES;
				CLANG_WARN_CONSTANT_CONVERSION = YES;
				CLANG_WARN_DEPRECATED_OBJC_IMPLEMENTATIONS = YES;
				CLANG_WARN_DIRECT_OBJC_ISA_USAGE = YES_ERROR;
				CLANG_WARN_DOCUMENTATION_COMMENTS = YES;
				CLANG_WARN_EMPTY_BODY = YES;
				CLANG_WARN_ENUM_CONVERSION = YES;
				CLANG_WARN_INFINITE_RECURSION = YES;
				CLANG_WARN_INT_CONVERSION = YES;
				CLANG_WARN_NON_LITERAL_NULL_CONVERSION = YES;
				CLANG_WARN_OBJC_IMPLICIT_RETAIN_SELF = YES;
				CLANG_WARN_OBJC_LITERAL_CONVERSION = YES;
				CLANG_WARN_OBJC_ROOT_CLASS = YES_ERROR;
				CLANG_WARN_QUOTED_INCLUDE_IN_FRAMEWORK_HEADER = YES;
				CLANG_WARN_RANGE_LOOP_ANALYSIS = YES;
				CLANG_WARN_STRICT_PROTOTYPES = YES;
				CLANG_WARN_SUSPICIOUS_MOVE = YES;
				CLANG_WARN_UNGUARDED_AVAILABILITY = YES_AGGRESSIVE;
				CLANG_WARN_UNREACHABLE_CODE = YES;
				CLANG_WARN__DUPLICATE_METHOD_MATCH = YES;
				COPY_PHASE_STRIP = NO;
				DEBUG_INFORMATION_FORMAT = dwarf;
				ENABLE_STRICT_OBJC_MSGSEND = YES;
				ENABLE_TESTABILITY = YES;
				ENABLE_USER_SCRIPT_SANDBOXING = YES;
				GCC_C_LANGUAGE_STANDARD = gnu17;
				GCC_DYNAMIC_NO_PIC = NO;
				GCC_NO_COMMON_BLOCKS = YES;
				GCC_OPTIMIZATION_LEVEL = 0;
				GCC_PREPROCESSOR_DEFINITIONS = (
					"DEBUG=1",
					"$(inherited)",
				);
				GCC_WARN_64_TO_32_BIT_CONVERSION = YES;
				GCC_WARN_ABOUT_RETURN_TYPE = YES_ERROR;
				GCC_WARN_UNDECLARED_SELECTOR = YES;
				GCC_WARN_UNINITIALIZED_AUTOS = YES_AGGRESSIVE;
				GCC_WARN_UNUSED_FUNCTION = YES;
				GCC_WARN_UNUSED_VARIABLE = YES;
				IPHONEOS_DEPLOYMENT_TARGET = 16.4;
				LOCALIZATION_PREFERS_STRING_CATALOGS = YES;
				MTL_ENABLE_DEBUG_INFO = INCLUDE_SOURCE;
				MTL_FAST_MATH = YES;
				ONLY_ACTIVE_ARCH = YES;
				SDKROOT = iphoneos;
				SWIFT_ACTIVE_COMPILATION_CONDITIONS = "DEBUG $(inherited)";
				SWIFT_OPTIMIZATION_LEVEL = "-Onone";
			};
			name = Debug;
		};
		09EBACCD2AE567F000BB48C3 /* Release */ = {
			isa = XCBuildConfiguration;
			buildSettings = {
				ALWAYS_SEARCH_USER_PATHS = NO;
				ASSETCATALOG_COMPILER_GENERATE_SWIFT_ASSET_SYMBOL_EXTENSIONS = YES;
				CLANG_ANALYZER_NONNULL = YES;
				CLANG_ANALYZER_NUMBER_OBJECT_CONVERSION = YES_AGGRESSIVE;
				CLANG_CXX_LANGUAGE_STANDARD = "gnu++20";
				CLANG_ENABLE_MODULES = YES;
				CLANG_ENABLE_OBJC_ARC = YES;
				CLANG_ENABLE_OBJC_WEAK = YES;
				CLANG_WARN_BLOCK_CAPTURE_AUTORELEASING = YES;
				CLANG_WARN_BOOL_CONVERSION = YES;
				CLANG_WARN_COMMA = YES;
				CLANG_WARN_CONSTANT_CONVERSION = YES;
				CLANG_WARN_DEPRECATED_OBJC_IMPLEMENTATIONS = YES;
				CLANG_WARN_DIRECT_OBJC_ISA_USAGE = YES_ERROR;
				CLANG_WARN_DOCUMENTATION_COMMENTS = YES;
				CLANG_WARN_EMPTY_BODY = YES;
				CLANG_WARN_ENUM_CONVERSION = YES;
				CLANG_WARN_INFINITE_RECURSION = YES;
				CLANG_WARN_INT_CONVERSION = YES;
				CLANG_WARN_NON_LITERAL_NULL_CONVERSION = YES;
				CLANG_WARN_OBJC_IMPLICIT_RETAIN_SELF = YES;
				CLANG_WARN_OBJC_LITERAL_CONVERSION = YES;
				CLANG_WARN_OBJC_ROOT_CLASS = YES_ERROR;
				CLANG_WARN_QUOTED_INCLUDE_IN_FRAMEWORK_HEADER = YES;
				CLANG_WARN_RANGE_LOOP_ANALYSIS = YES;
				CLANG_WARN_STRICT_PROTOTYPES = YES;
				CLANG_WARN_SUSPICIOUS_MOVE = YES;
				CLANG_WARN_UNGUARDED_AVAILABILITY = YES_AGGRESSIVE;
				CLANG_WARN_UNREACHABLE_CODE = YES;
				CLANG_WARN__DUPLICATE_METHOD_MATCH = YES;
				COPY_PHASE_STRIP = NO;
				DEBUG_INFORMATION_FORMAT = "dwarf-with-dsym";
				ENABLE_NS_ASSERTIONS = NO;
				ENABLE_STRICT_OBJC_MSGSEND = YES;
				ENABLE_USER_SCRIPT_SANDBOXING = YES;
				GCC_C_LANGUAGE_STANDARD = gnu17;
				GCC_NO_COMMON_BLOCKS = YES;
				GCC_WARN_64_TO_32_BIT_CONVERSION = YES;
				GCC_WARN_ABOUT_RETURN_TYPE = YES_ERROR;
				GCC_WARN_UNDECLARED_SELECTOR = YES;
				GCC_WARN_UNINITIALIZED_AUTOS = YES_AGGRESSIVE;
				GCC_WARN_UNUSED_FUNCTION = YES;
				GCC_WARN_UNUSED_VARIABLE = YES;
				IPHONEOS_DEPLOYMENT_TARGET = 16.4;
				LOCALIZATION_PREFERS_STRING_CATALOGS = YES;
				MTL_ENABLE_DEBUG_INFO = NO;
				MTL_FAST_MATH = YES;
				SDKROOT = iphoneos;
				SWIFT_COMPILATION_MODE = wholemodule;
				VALIDATE_PRODUCT = YES;
			};
			name = Release;
		};
		09EBACCF2AE567F000BB48C3 /* Debug */ = {
			isa = XCBuildConfiguration;
			buildSettings = {
				ASSETCATALOG_COMPILER_APPICON_NAME = AppIcon;
				ASSETCATALOG_COMPILER_GLOBAL_ACCENT_COLOR_NAME = AccentColor;
				CODE_SIGN_STYLE = Automatic;
				CURRENT_PROJECT_VERSION = 1;
				DEVELOPMENT_ASSET_PATHS = "\"MapApp/Preview Content\"";
				DEVELOPMENT_TEAM = 8GJMP9US45;
				ENABLE_PREVIEWS = YES;
				GENERATE_INFOPLIST_FILE = YES;
				INFOPLIST_KEY_UIApplicationSceneManifest_Generation = YES;
				INFOPLIST_KEY_UIApplicationSupportsIndirectInputEvents = YES;
				INFOPLIST_KEY_UILaunchScreen_Generation = YES;
				INFOPLIST_KEY_UILaunchStoryboardName = "Launch Screen.storyboard";
				INFOPLIST_KEY_UISupportedInterfaceOrientations = "UIInterfaceOrientationLandscapeLeft UIInterfaceOrientationLandscapeRight UIInterfaceOrientationPortrait";
				LD_RUNPATH_SEARCH_PATHS = (
					"$(inherited)",
					"@executable_path/Frameworks",
				);
				MARKETING_VERSION = 1.0;
				PRODUCT_BUNDLE_IDENTIFIER = ilyailyaovch.MapApp;
				PRODUCT_NAME = "$(TARGET_NAME)";
				SWIFT_EMIT_LOC_STRINGS = YES;
				SWIFT_VERSION = 5.0;
				TARGETED_DEVICE_FAMILY = "1,2";
			};
			name = Debug;
		};
		09EBACD02AE567F000BB48C3 /* Release */ = {
			isa = XCBuildConfiguration;
			buildSettings = {
				ASSETCATALOG_COMPILER_APPICON_NAME = AppIcon;
				ASSETCATALOG_COMPILER_GLOBAL_ACCENT_COLOR_NAME = AccentColor;
				CODE_SIGN_STYLE = Automatic;
				CURRENT_PROJECT_VERSION = 1;
				DEVELOPMENT_ASSET_PATHS = "\"MapApp/Preview Content\"";
				DEVELOPMENT_TEAM = 8GJMP9US45;
				ENABLE_PREVIEWS = YES;
				GENERATE_INFOPLIST_FILE = YES;
				INFOPLIST_KEY_UIApplicationSceneManifest_Generation = YES;
				INFOPLIST_KEY_UIApplicationSupportsIndirectInputEvents = YES;
				INFOPLIST_KEY_UILaunchScreen_Generation = YES;
				INFOPLIST_KEY_UILaunchStoryboardName = "Launch Screen.storyboard";
				INFOPLIST_KEY_UISupportedInterfaceOrientations = "UIInterfaceOrientationLandscapeLeft UIInterfaceOrientationLandscapeRight UIInterfaceOrientationPortrait";
				LD_RUNPATH_SEARCH_PATHS = (
					"$(inherited)",
					"@executable_path/Frameworks",
				);
				MARKETING_VERSION = 1.0;
				PRODUCT_BUNDLE_IDENTIFIER = ilyailyaovch.MapApp;
				PRODUCT_NAME = "$(TARGET_NAME)";
				SWIFT_EMIT_LOC_STRINGS = YES;
				SWIFT_VERSION = 5.0;
				TARGETED_DEVICE_FAMILY = "1,2";
			};
			name = Release;
		};
/* End XCBuildConfiguration section */

/* Begin XCConfigurationList section */
		09EBACBB2AE567EE00BB48C3 /* Build configuration list for PBXProject "MapApp" */ = {
			isa = XCConfigurationList;
			buildConfigurations = (
				09EBACCC2AE567F000BB48C3 /* Debug */,
				09EBACCD2AE567F000BB48C3 /* Release */,
			);
			defaultConfigurationIsVisible = 0;
			defaultConfigurationName = Release;
		};
		09EBACCE2AE567F000BB48C3 /* Build configuration list for PBXNativeTarget "MapApp" */ = {
			isa = XCConfigurationList;
			buildConfigurations = (
				09EBACCF2AE567F000BB48C3 /* Debug */,
				09EBACD02AE567F000BB48C3 /* Release */,
			);
			defaultConfigurationIsVisible = 0;
			defaultConfigurationName = Release;
		};
/* End XCConfigurationList section */
	};
	rootObject = 09EBACB82AE567EE00BB48C3 /* Project object */;
}
